
Microsoft Visual Studio Solution File, Format Version 12.00
# Visual Studio Version 17
VisualStudioVersion = 17.9.34728.123
MinimumVisualStudioVersion = 10.0.40219.1
Project("{FAE04EC0-301F-11D3-BF4B-00C04F79EFBC}") = "LogAnalyzerLibrary", "LogAnalyzerLibrary\LogAnalyzerLibrary.csproj", "{A22D4B10-A6E8-4FCD-943D-76DB431F6FFB}"
EndProject
Project("{FAE04EC0-301F-11D3-BF4B-00C04F79EFBC}") = "LogAnalyzerAPI", "LogAnalyzerAPI\LogAnalyzerAPI.csproj", "{0C15DA90-F67D-451B-99F3-D1F2E4EAAEA6}"
EndProject
Global
	GlobalSection(SolutionConfigurationPlatforms) = preSolution
		Debug|Any CPU = Debug|Any CPU
		Release|Any CPU = Release|Any CPU
	EndGlobalSection
	GlobalSection(ProjectConfigurationPlatforms) = postSolution
		{A22D4B10-A6E8-4FCD-943D-76DB431F6FFB}.Debug|Any CPU.ActiveCfg = Debug|Any CPU
		{A22D4B10-A6E8-4FCD-943D-76DB431F6FFB}.Debug|Any CPU.Build.0 = Debug|Any CPU
		{A22D4B10-A6E8-4FCD-943D-76DB431F6FFB}.Release|Any CPU.ActiveCfg = Release|Any CPU
		{A22D4B10-A6E8-4FCD-943D-76DB431F6FFB}.Release|Any CPU.Build.0 = Release|Any CPU
		{0C15DA90-F67D-451B-99F3-D1F2E4EAAEA6}.Debug|Any CPU.ActiveCfg = Debug|Any CPU
		{0C15DA90-F67D-451B-99F3-D1F2E4EAAEA6}.Debug|Any CPU.Build.0 = Debug|Any CPU
		{0C15DA90-F67D-451B-99F3-D1F2E4EAAEA6}.Release|Any CPU.ActiveCfg = Release|Any CPU
		{0C15DA90-F67D-451B-99F3-D1F2E4EAAEA6}.Release|Any CPU.Build.0 = Release|Any CPU
	EndGlobalSection
	GlobalSection(SolutionProperties) = preSolution
		HideSolutionNode = FALSE
	EndGlobalSection
	GlobalSection(ExtensibilityGlobals) = postSolution
		SolutionGuid = {B3789BB1-3ED9-41D6-BBF3-18E4729C0706}
	EndGlobalSection
EndGlobal
